
Microsoft Visual Studio Solution File, Format Version 12.00
# Visual Studio Version 16
VisualStudioVersion = 16.0.29709.97
MinimumVisualStudioVersion = 10.0.40219.1
Project("{9A19103F-16F7-4668-BE54-9A1E7A4F7556}") = "WebSocketTest.Server", "WebSocketTest.Server\WebSocketTest.Server.csproj", "{EAAD4C56-D6B6-44FC-9C6D-8EF4368901E3}"
EndProject
Project("{FAE04EC0-301F-11D3-BF4B-00C04F79EFBC}") = "WebSocketTest.Client", "WebSocketTest.Client\WebSocketTest.Client.csproj", "{3D58CA43-81FE-4E92-B63D-0EB56A62B60E}"
EndProject
Project("{FAE04EC0-301F-11D3-BF4B-00C04F79EFBC}") = "WebSocketTest.Common", "WebSocketTest.Common\WebSocketTest.Common.csproj", "{CBA0AB8C-A9B0-420E-A680-C92DA8F1ADED}"
EndProject
Global
	GlobalSection(SolutionConfigurationPlatforms) = preSolution
		Debug|Any CPU = Debug|Any CPU
		Release|Any CPU = Release|Any CPU
	EndGlobalSection
	GlobalSection(ProjectConfigurationPlatforms) = postSolution
		{EAAD4C56-D6B6-44FC-9C6D-8EF4368901E3}.Debug|Any CPU.ActiveCfg = Debug|Any CPU
		{EAAD4C56-D6B6-44FC-9C6D-8EF4368901E3}.Debug|Any CPU.Build.0 = Debug|Any CPU
		{EAAD4C56-D6B6-44FC-9C6D-8EF4368901E3}.Release|Any CPU.ActiveCfg = Release|Any CPU
		{EAAD4C56-D6B6-44FC-9C6D-8EF4368901E3}.Release|Any CPU.Build.0 = Release|Any CPU
		{3D58CA43-81FE-4E92-B63D-0EB56A62B60E}.Debug|Any CPU.ActiveCfg = Debug|Any CPU
		{3D58CA43-81FE-4E92-B63D-0EB56A62B60E}.Debug|Any CPU.Build.0 = Debug|Any CPU
		{3D58CA43-81FE-4E92-B63D-0EB56A62B60E}.Release|Any CPU.ActiveCfg = Release|Any CPU
		{3D58CA43-81FE-4E92-B63D-0EB56A62B60E}.Release|Any CPU.Build.0 = Release|Any CPU
		{CBA0AB8C-A9B0-420E-A680-C92DA8F1ADED}.Debug|Any CPU.ActiveCfg = Debug|Any CPU
		{CBA0AB8C-A9B0-420E-A680-C92DA8F1ADED}.Debug|Any CPU.Build.0 = Debug|Any CPU
		{CBA0AB8C-A9B0-420E-A680-C92DA8F1ADED}.Release|Any CPU.ActiveCfg = Release|Any CPU
		{CBA0AB8C-A9B0-420E-A680-C92DA8F1ADED}.Release|Any CPU.Build.0 = Release|Any CPU
	EndGlobalSection
	GlobalSection(SolutionProperties) = preSolution
		HideSolutionNode = FALSE
	EndGlobalSection
	GlobalSection(ExtensibilityGlobals) = postSolution
		SolutionGuid = {A9DE26B6-5C4F-4852-8232-71C2781CE0BB}
	EndGlobalSection
EndGlobal
